
Microsoft Visual Studio Solution File, Format Version 12.00
# Visual Studio Version 17
VisualStudioVersion = 17.5.33530.505
MinimumVisualStudioVersion = 10.0.40219.1
Project("{9A19103F-16F7-4668-BE54-9A1E7A4F7556}") = "Handball", "Handball\Handball.csproj", "{048C2024-3C69-4C3E-A49E-08177C1E35B7}"
EndProject
Global
	GlobalSection(SolutionConfigurationPlatforms) = preSolution
		Debug|Any CPU = Debug|Any CPU
		Release|Any CPU = Release|Any CPU
	EndGlobalSection
	GlobalSection(ProjectConfigurationPlatforms) = postSolution
		{048C2024-3C69-4C3E-A49E-08177C1E35B7}.Debug|Any CPU.ActiveCfg = Debug|Any CPU
		{048C2024-3C69-4C3E-A49E-08177C1E35B7}.Debug|Any CPU.Build.0 = Debug|Any CPU
		{048C2024-3C69-4C3E-A49E-08177C1E35B7}.Release|Any CPU.ActiveCfg = Release|Any CPU
		{048C2024-3C69-4C3E-A49E-08177C1E35B7}.Release|Any CPU.Build.0 = Release|Any CPU
	EndGlobalSection
	GlobalSection(SolutionProperties) = preSolution
		HideSolutionNode = FALSE
	EndGlobalSection
	GlobalSection(ExtensibilityGlobals) = postSolution
		SolutionGuid = {B68AA2F6-1A0D-4B7F-8DA1-6DBE4C91293D}
	EndGlobalSection
EndGlobal
