
Microsoft Visual Studio Solution File, Format Version 12.00
# Visual Studio Version 16
VisualStudioVersion = 16.0.30621.155
MinimumVisualStudioVersion = 10.0.40219.1
Project("{2150E333-8FDC-42A3-9474-1A3956D46DE8}") = "01.SRP", "01.SRP", "{E6F4FFC1-97A7-4971-8D66-8F9A289C21A8}"
EndProject
Project("{2150E333-8FDC-42A3-9474-1A3956D46DE8}") = "P01. DrawingShape", "P01. DrawingShape", "{F2A00292-1345-4653-A7E8-32A5297EFC74}"
EndProject
Project("{9A19103F-16F7-4668-BE54-9A1E7A4F7556}") = "P01. DrawingShape-Before", "01. SRP\P01. DrawingShape-Before\P01. DrawingShape-Before.csproj", "{5EC24C9C-942B-4B51-BCC6-20D0470A38D8}"
EndProject
Project("{2150E333-8FDC-42A3-9474-1A3956D46DE8}") = "P02. Books", "P02. Books", "{854058DB-B0C5-4292-8037-29B1DB38EDC0}"
EndProject
Project("{9A19103F-16F7-4668-BE54-9A1E7A4F7556}") = "P02. Books-Before", "01. SRP\P02. Books-Before\P02. Books-Before.csproj", "{D2BFA197-BC51-491B-ACC6-1E199B0CE603}"
EndProject
Project("{2150E333-8FDC-42A3-9474-1A3956D46DE8}") = "02. OCP", "02. OCP", "{4E2FF5C3-9BA6-4D74-8169-EE9E97EE135B}"
EndProject
Project("{2150E333-8FDC-42A3-9474-1A3956D46DE8}") = "P01. FileStream", "P01. FileStream", "{F95B0D3C-413B-41DA-A730-FB67C64B7AD4}"
EndProject
Project("{2150E333-8FDC-42A3-9474-1A3956D46DE8}") = "P03. ShoppingCart", "P03. ShoppingCart", "{D9B647DB-EE5C-412E-BF02-004DE852BF51}"
EndProject
Project("{2150E333-8FDC-42A3-9474-1A3956D46DE8}") = "P02. DrawingShape", "P02. DrawingShape", "{79AA2A70-87E3-486F-8D7E-D4AC1E9C2865}"
EndProject
Project("{9A19103F-16F7-4668-BE54-9A1E7A4F7556}") = "P01. FileStream-Before", "02. OCP\P01. FileStream-Before\P01. FileStream-Before.csproj", "{4FB36EA3-65D2-439C-B848-859B8AD07846}"
EndProject
Project("{9A19103F-16F7-4668-BE54-9A1E7A4F7556}") = "P02. DrawingShape-Before", "02. OCP\P02. DrawingShape-Before\P02. DrawingShape-Before.csproj", "{A02CC46F-C17F-4F2C-9B26-42DDE623C081}"
EndProject
Project("{9A19103F-16F7-4668-BE54-9A1E7A4F7556}") = "P03. ShoppingCart-Before", "02. OCP\P03. ShoppingCart-Before\P03. ShoppingCart-Before.csproj", "{89AB7A0F-80E2-46A2-9ABD-7A3F77EADBE7}"
EndProject
Project("{2150E333-8FDC-42A3-9474-1A3956D46DE8}") = "03. Liskov Substitution", "03. Liskov Substitution", "{A1466FD5-A7D9-4EB6-8423-C88151407544}"
EndProject
Project("{2150E333-8FDC-42A3-9474-1A3956D46DE8}") = "P01. Square", "P01. Square", "{BB1541A7-6679-42B3-ADFF-6768E0727081}"
EndProject
Project("{9A19103F-16F7-4668-BE54-9A1E7A4F7556}") = "P01. Square-Before", "03. Liskov Substitution\P01. Square-Before\P01. Square-Before.csproj", "{596FF73B-CE4E-43DB-B15E-AFD7D81206A1}"
EndProject
Project("{2150E333-8FDC-42A3-9474-1A3956D46DE8}") = "04. ISP", "04. ISP", "{AE6C9FA5-C727-4B7B-9DC5-3A67800A3816}"
EndProject
Project("{2150E333-8FDC-42A3-9474-1A3956D46DE8}") = "P01. Worker", "P01. Worker", "{7F599B07-7634-40F1-8CE0-B3CC508BC951}"
EndProject
Project("{2150E333-8FDC-42A3-9474-1A3956D46DE8}") = "P02. Identity", "P02. Identity", "{0500E937-E18D-45EC-A447-6E3D08E6F994}"
EndProject
Project("{9A19103F-16F7-4668-BE54-9A1E7A4F7556}") = "P01. Worker-Before", "04. ISP\P01. Worker-Before\P01. Worker-Before.csproj", "{79FE2E1B-DCB1-48BE-BB4F-1BFE97DAB8C1}"
EndProject
Project("{9A19103F-16F7-4668-BE54-9A1E7A4F7556}") = "P02. Identity-Before", "04. ISP\P02. Identity-Before\P02. Identity-Before.csproj", "{EA0AEF62-6A80-4043-A913-C40480BD1F86}"
EndProject
Project("{2150E333-8FDC-42A3-9474-1A3956D46DE8}") = "05. DIP", "05. DIP", "{3780053E-9F38-4CAD-B7CD-7C399B12E189}"
EndProject
Project("{2150E333-8FDC-42A3-9474-1A3956D46DE8}") = "P01. HelloWorld", "P01. HelloWorld", "{4A45BE10-5C36-42F9-A071-90464DDCF2A2}"
EndProject
Project("{2150E333-8FDC-42A3-9474-1A3956D46DE8}") = "P02. Worker", "P02. Worker", "{7572EA3B-E2CD-48FB-AD19-06200B1FA1C5}"
EndProject
Project("{2150E333-8FDC-42A3-9474-1A3956D46DE8}") = "P03. Database", "P03. Database", "{C209A499-6716-4212-92FA-4D5B22C4A5F7}"
EndProject
Project("{9A19103F-16F7-4668-BE54-9A1E7A4F7556}") = "P01. HelloWorld-Before", "05. DIP\P01. HelloWorld-Before\P01. HelloWorld-Before.csproj", "{BF530910-A6C2-488E-BDEC-57E1151EE3B6}"
EndProject
Project("{9A19103F-16F7-4668-BE54-9A1E7A4F7556}") = "P02. Worker-Before", "05. DIP\P02. Worker-Before\P02. Worker-Before.csproj", "{7B9226D6-ABD5-48D4-8521-5CB03EBF7F54}"
EndProject
Project("{9A19103F-16F7-4668-BE54-9A1E7A4F7556}") = "P03. Database-Before", "05. DIP\P03. Database-Before\P03. Database-Before.csproj", "{B402B26A-737E-413B-B500-908B2651AEFD}"
EndProject
Project("{FAE04EC0-301F-11D3-BF4B-00C04F79EFBC}") = "Coupling", "Coupling\Coupling.csproj", "{4446526E-B9AB-45BC-BDB6-626C630EF2C4}"
EndProject
Project("{FAE04EC0-301F-11D3-BF4B-00C04F79EFBC}") = "OpenClosed", "OpenClosed\OpenClosed.csproj", "{4EEF967E-1F22-4FA5-9B62-1D770188718C}"
EndProject
Project("{FAE04EC0-301F-11D3-BF4B-00C04F79EFBC}") = "Liskov", "Liskov\Liskov.csproj", "{05B92667-885A-4B9B-A20A-B979C166BE7B}"
EndProject
Project("{FAE04EC0-301F-11D3-BF4B-00C04F79EFBC}") = "AdapterPattern", "AdapterPattern\AdapterPattern.csproj", "{E5DA8547-BF39-4FC8-A9CC-C6897D5D1455}"
EndProject
Project("{FAE04EC0-301F-11D3-BF4B-00C04F79EFBC}") = "DependencyInversion", "DependencyInversion\DependencyInversion.csproj", "{AAB05112-CFDB-44BB-929A-302C5B1CF105}"
EndProject
Project("{FAE04EC0-301F-11D3-BF4B-00C04F79EFBC}") = "DependencyInversionAgain", "DependencyInversionAgain\DependencyInversionAgain.csproj", "{70A77458-6862-4DF1-818C-0EA6A1802C6D}"
EndProject
Global
	GlobalSection(SolutionConfigurationPlatforms) = preSolution
		Debug|Any CPU = Debug|Any CPU
		Release|Any CPU = Release|Any CPU
	EndGlobalSection
	GlobalSection(ProjectConfigurationPlatforms) = postSolution
		{5EC24C9C-942B-4B51-BCC6-20D0470A38D8}.Debug|Any CPU.ActiveCfg = Debug|Any CPU
		{5EC24C9C-942B-4B51-BCC6-20D0470A38D8}.Debug|Any CPU.Build.0 = Debug|Any CPU
		{5EC24C9C-942B-4B51-BCC6-20D0470A38D8}.Release|Any CPU.ActiveCfg = Release|Any CPU
		{5EC24C9C-942B-4B51-BCC6-20D0470A38D8}.Release|Any CPU.Build.0 = Release|Any CPU
		{D2BFA197-BC51-491B-ACC6-1E199B0CE603}.Debug|Any CPU.ActiveCfg = Debug|Any CPU
		{D2BFA197-BC51-491B-ACC6-1E199B0CE603}.Debug|Any CPU.Build.0 = Debug|Any CPU
		{D2BFA197-BC51-491B-ACC6-1E199B0CE603}.Release|Any CPU.ActiveCfg = Release|Any CPU
		{D2BFA197-BC51-491B-ACC6-1E199B0CE603}.Release|Any CPU.Build.0 = Release|Any CPU
		{4FB36EA3-65D2-439C-B848-859B8AD07846}.Debug|Any CPU.ActiveCfg = Debug|Any CPU
		{4FB36EA3-65D2-439C-B848-859B8AD07846}.Debug|Any CPU.Build.0 = Debug|Any CPU
		{4FB36EA3-65D2-439C-B848-859B8AD07846}.Release|Any CPU.ActiveCfg = Release|Any CPU
		{4FB36EA3-65D2-439C-B848-859B8AD07846}.Release|Any CPU.Build.0 = Release|Any CPU
		{A02CC46F-C17F-4F2C-9B26-42DDE623C081}.Debug|Any CPU.ActiveCfg = Debug|Any CPU
		{A02CC46F-C17F-4F2C-9B26-42DDE623C081}.Debug|Any CPU.Build.0 = Debug|Any CPU
		{A02CC46F-C17F-4F2C-9B26-42DDE623C081}.Release|Any CPU.ActiveCfg = Release|Any CPU
		{A02CC46F-C17F-4F2C-9B26-42DDE623C081}.Release|Any CPU.Build.0 = Release|Any CPU
		{89AB7A0F-80E2-46A2-9ABD-7A3F77EADBE7}.Debug|Any CPU.ActiveCfg = Debug|Any CPU
		{89AB7A0F-80E2-46A2-9ABD-7A3F77EADBE7}.Debug|Any CPU.Build.0 = Debug|Any CPU
		{89AB7A0F-80E2-46A2-9ABD-7A3F77EADBE7}.Release|Any CPU.ActiveCfg = Release|Any CPU
		{89AB7A0F-80E2-46A2-9ABD-7A3F77EADBE7}.Release|Any CPU.Build.0 = Release|Any CPU
		{596FF73B-CE4E-43DB-B15E-AFD7D81206A1}.Debug|Any CPU.ActiveCfg = Debug|Any CPU
		{596FF73B-CE4E-43DB-B15E-AFD7D81206A1}.Debug|Any CPU.Build.0 = Debug|Any CPU
		{596FF73B-CE4E-43DB-B15E-AFD7D81206A1}.Release|Any CPU.ActiveCfg = Release|Any CPU
		{596FF73B-CE4E-43DB-B15E-AFD7D81206A1}.Release|Any CPU.Build.0 = Release|Any CPU
		{79FE2E1B-DCB1-48BE-BB4F-1BFE97DAB8C1}.Debug|Any CPU.ActiveCfg = Debug|Any CPU
		{79FE2E1B-DCB1-48BE-BB4F-1BFE97DAB8C1}.Debug|Any CPU.Build.0 = Debug|Any CPU
		{79FE2E1B-DCB1-48BE-BB4F-1BFE97DAB8C1}.Release|Any CPU.ActiveCfg = Release|Any CPU
		{79FE2E1B-DCB1-48BE-BB4F-1BFE97DAB8C1}.Release|Any CPU.Build.0 = Release|Any CPU
		{EA0AEF62-6A80-4043-A913-C40480BD1F86}.Debug|Any CPU.ActiveCfg = Debug|Any CPU
		{EA0AEF62-6A80-4043-A913-C40480BD1F86}.Debug|Any CPU.Build.0 = Debug|Any CPU
		{EA0AEF62-6A80-4043-A913-C40480BD1F86}.Release|Any CPU.ActiveCfg = Release|Any CPU
		{EA0AEF62-6A80-4043-A913-C40480BD1F86}.Release|Any CPU.Build.0 = Release|Any CPU
		{BF530910-A6C2-488E-BDEC-57E1151EE3B6}.Debug|Any CPU.ActiveCfg = Debug|Any CPU
		{BF530910-A6C2-488E-BDEC-57E1151EE3B6}.Debug|Any CPU.Build.0 = Debug|Any CPU
		{BF530910-A6C2-488E-BDEC-57E1151EE3B6}.Release|Any CPU.ActiveCfg = Release|Any CPU
		{BF530910-A6C2-488E-BDEC-57E1151EE3B6}.Release|Any CPU.Build.0 = Release|Any CPU
		{7B9226D6-ABD5-48D4-8521-5CB03EBF7F54}.Debug|Any CPU.ActiveCfg = Debug|Any CPU
		{7B9226D6-ABD5-48D4-8521-5CB03EBF7F54}.Debug|Any CPU.Build.0 = Debug|Any CPU
		{7B9226D6-ABD5-48D4-8521-5CB03EBF7F54}.Release|Any CPU.ActiveCfg = Release|Any CPU
		{7B9226D6-ABD5-48D4-8521-5CB03EBF7F54}.Release|Any CPU.Build.0 = Release|Any CPU
		{B402B26A-737E-413B-B500-908B2651AEFD}.Debug|Any CPU.ActiveCfg = Debug|Any CPU
		{B402B26A-737E-413B-B500-908B2651AEFD}.Debug|Any CPU.Build.0 = Debug|Any CPU
		{B402B26A-737E-413B-B500-908B2651AEFD}.Release|Any CPU.ActiveCfg = Release|Any CPU
		{B402B26A-737E-413B-B500-908B2651AEFD}.Release|Any CPU.Build.0 = Release|Any CPU
		{4446526E-B9AB-45BC-BDB6-626C630EF2C4}.Debug|Any CPU.ActiveCfg = Debug|Any CPU
		{4446526E-B9AB-45BC-BDB6-626C630EF2C4}.Debug|Any CPU.Build.0 = Debug|Any CPU
		{4446526E-B9AB-45BC-BDB6-626C630EF2C4}.Release|Any CPU.ActiveCfg = Release|Any CPU
		{4446526E-B9AB-45BC-BDB6-626C630EF2C4}.Release|Any CPU.Build.0 = Release|Any CPU
		{4EEF967E-1F22-4FA5-9B62-1D770188718C}.Debug|Any CPU.ActiveCfg = Debug|Any CPU
		{4EEF967E-1F22-4FA5-9B62-1D770188718C}.Debug|Any CPU.Build.0 = Debug|Any CPU
		{4EEF967E-1F22-4FA5-9B62-1D770188718C}.Release|Any CPU.ActiveCfg = Release|Any CPU
		{4EEF967E-1F22-4FA5-9B62-1D770188718C}.Release|Any CPU.Build.0 = Release|Any CPU
		{05B92667-885A-4B9B-A20A-B979C166BE7B}.Debug|Any CPU.ActiveCfg = Debug|Any CPU
		{05B92667-885A-4B9B-A20A-B979C166BE7B}.Debug|Any CPU.Build.0 = Debug|Any CPU
		{05B92667-885A-4B9B-A20A-B979C166BE7B}.Release|Any CPU.ActiveCfg = Release|Any CPU
		{05B92667-885A-4B9B-A20A-B979C166BE7B}.Release|Any CPU.Build.0 = Release|Any CPU
		{E5DA8547-BF39-4FC8-A9CC-C6897D5D1455}.Debug|Any CPU.ActiveCfg = Debug|Any CPU
		{E5DA8547-BF39-4FC8-A9CC-C6897D5D1455}.Debug|Any CPU.Build.0 = Debug|Any CPU
		{E5DA8547-BF39-4FC8-A9CC-C6897D5D1455}.Release|Any CPU.ActiveCfg = Release|Any CPU
		{E5DA8547-BF39-4FC8-A9CC-C6897D5D1455}.Release|Any CPU.Build.0 = Release|Any CPU
		{AAB05112-CFDB-44BB-929A-302C5B1CF105}.Debug|Any CPU.ActiveCfg = Debug|Any CPU
		{AAB05112-CFDB-44BB-929A-302C5B1CF105}.Debug|Any CPU.Build.0 = Debug|Any CPU
		{AAB05112-CFDB-44BB-929A-302C5B1CF105}.Release|Any CPU.ActiveCfg = Release|Any CPU
		{AAB05112-CFDB-44BB-929A-302C5B1CF105}.Release|Any CPU.Build.0 = Release|Any CPU
		{70A77458-6862-4DF1-818C-0EA6A1802C6D}.Debug|Any CPU.ActiveCfg = Debug|Any CPU
		{70A77458-6862-4DF1-818C-0EA6A1802C6D}.Debug|Any CPU.Build.0 = Debug|Any CPU
		{70A77458-6862-4DF1-818C-0EA6A1802C6D}.Release|Any CPU.ActiveCfg = Release|Any CPU
		{70A77458-6862-4DF1-818C-0EA6A1802C6D}.Release|Any CPU.Build.0 = Release|Any CPU
	EndGlobalSection
	GlobalSection(SolutionProperties) = preSolution
		HideSolutionNode = FALSE
	EndGlobalSection
	GlobalSection(NestedProjects) = preSolution
		{F2A00292-1345-4653-A7E8-32A5297EFC74} = {E6F4FFC1-97A7-4971-8D66-8F9A289C21A8}
		{5EC24C9C-942B-4B51-BCC6-20D0470A38D8} = {F2A00292-1345-4653-A7E8-32A5297EFC74}
		{854058DB-B0C5-4292-8037-29B1DB38EDC0} = {E6F4FFC1-97A7-4971-8D66-8F9A289C21A8}
		{D2BFA197-BC51-491B-ACC6-1E199B0CE603} = {854058DB-B0C5-4292-8037-29B1DB38EDC0}
		{F95B0D3C-413B-41DA-A730-FB67C64B7AD4} = {4E2FF5C3-9BA6-4D74-8169-EE9E97EE135B}
		{D9B647DB-EE5C-412E-BF02-004DE852BF51} = {4E2FF5C3-9BA6-4D74-8169-EE9E97EE135B}
		{79AA2A70-87E3-486F-8D7E-D4AC1E9C2865} = {4E2FF5C3-9BA6-4D74-8169-EE9E97EE135B}
		{4FB36EA3-65D2-439C-B848-859B8AD07846} = {F95B0D3C-413B-41DA-A730-FB67C64B7AD4}
		{A02CC46F-C17F-4F2C-9B26-42DDE623C081} = {79AA2A70-87E3-486F-8D7E-D4AC1E9C2865}
		{89AB7A0F-80E2-46A2-9ABD-7A3F77EADBE7} = {D9B647DB-EE5C-412E-BF02-004DE852BF51}
		{BB1541A7-6679-42B3-ADFF-6768E0727081} = {A1466FD5-A7D9-4EB6-8423-C88151407544}
		{596FF73B-CE4E-43DB-B15E-AFD7D81206A1} = {BB1541A7-6679-42B3-ADFF-6768E0727081}
		{7F599B07-7634-40F1-8CE0-B3CC508BC951} = {AE6C9FA5-C727-4B7B-9DC5-3A67800A3816}
		{0500E937-E18D-45EC-A447-6E3D08E6F994} = {AE6C9FA5-C727-4B7B-9DC5-3A67800A3816}
		{79FE2E1B-DCB1-48BE-BB4F-1BFE97DAB8C1} = {7F599B07-7634-40F1-8CE0-B3CC508BC951}
		{EA0AEF62-6A80-4043-A913-C40480BD1F86} = {0500E937-E18D-45EC-A447-6E3D08E6F994}
		{4A45BE10-5C36-42F9-A071-90464DDCF2A2} = {3780053E-9F38-4CAD-B7CD-7C399B12E189}
		{7572EA3B-E2CD-48FB-AD19-06200B1FA1C5} = {3780053E-9F38-4CAD-B7CD-7C399B12E189}
		{C209A499-6716-4212-92FA-4D5B22C4A5F7} = {3780053E-9F38-4CAD-B7CD-7C399B12E189}
		{BF530910-A6C2-488E-BDEC-57E1151EE3B6} = {4A45BE10-5C36-42F9-A071-90464DDCF2A2}
		{7B9226D6-ABD5-48D4-8521-5CB03EBF7F54} = {7572EA3B-E2CD-48FB-AD19-06200B1FA1C5}
		{B402B26A-737E-413B-B500-908B2651AEFD} = {C209A499-6716-4212-92FA-4D5B22C4A5F7}
	EndGlobalSection
	GlobalSection(ExtensibilityGlobals) = postSolution
		SolutionGuid = {CBE5E594-CBFC-4D7E-B53B-A9F4477E1E92}
	EndGlobalSection
EndGlobal
