
Microsoft Visual Studio Solution File, Format Version 12.00
# Visual Studio Version 17
VisualStudioVersion = 17.0.32014.148
MinimumVisualStudioVersion = 10.0.40219.1
Project("{FAE04EC0-301F-11D3-BF4B-00C04F79EFBC}") = "02.Matrices", "02.Matrices\02.Matrices.csproj", "{1C44AE6B-62E5-402B-923E-8E6320B48DC0}"
EndProject
Project("{FAE04EC0-301F-11D3-BF4B-00C04F79EFBC}") = "ArrayOfArrays", "ArrayOfArrays\ArrayOfArrays.csproj", "{FBDDE42B-6B11-4075-84D4-6BC7E954630F}"
EndProject
Project("{FAE04EC0-301F-11D3-BF4B-00C04F79EFBC}") = "3DArray", "3DArray\3DArray.csproj", "{D98585AC-3FCF-4481-A262-9829525CEAA1}"
EndProject
Project("{FAE04EC0-301F-11D3-BF4B-00C04F79EFBC}") = "MatrixExample", "MatrixExample\MatrixExample.csproj", "{457AC5AB-8F79-43F6-BA4A-6B1281B4C8A1}"
EndProject
Project("{FAE04EC0-301F-11D3-BF4B-00C04F79EFBC}") = "MatrixIteration", "MatrixIteration\MatrixIteration.csproj", "{6149FD7D-F8D9-44B5-A953-08C59E2B0DCE}"
EndProject
Project("{FAE04EC0-301F-11D3-BF4B-00C04F79EFBC}") = "ReadMatrix", "ReadMatrix\ReadMatrix.csproj", "{BF1C7A49-3F50-4784-97E3-C1C7681DE424}"
EndProject
Project("{FAE04EC0-301F-11D3-BF4B-00C04F79EFBC}") = "ReadMatrixRowOnOneLine", "ReadMatrixRowOnOneLine\ReadMatrixRowOnOneLine.csproj", "{5347A1A2-6E37-4306-8EEB-84784B82FF42}"
EndProject
Project("{FAE04EC0-301F-11D3-BF4B-00C04F79EFBC}") = "MatrixUtilityMethods", "MatrixUtilityMethods\MatrixUtilityMethods.csproj", "{68A02955-7AC3-4CAA-8FEB-234DCD6290AD}"
EndProject
Project("{FAE04EC0-301F-11D3-BF4B-00C04F79EFBC}") = "01.SumMatrixElements", "01.SumMatrixElements\01.SumMatrixElements.csproj", "{04CC747B-D978-418C-AF10-BE77569A4C36}"
EndProject
Project("{FAE04EC0-301F-11D3-BF4B-00C04F79EFBC}") = "02.SumMatrixColumns", "02.SumMatrixColumns\02.SumMatrixColumns.csproj", "{211C24F5-B93C-404C-A4C7-DAE7D894ED77}"
EndProject
Project("{FAE04EC0-301F-11D3-BF4B-00C04F79EFBC}") = "Diagonals", "Diagonals\Diagonals.csproj", "{C6FE84BE-8A51-4A65-BA0A-337D4882664D}"
EndProject
Project("{FAE04EC0-301F-11D3-BF4B-00C04F79EFBC}") = "03.SquareWithMaxSum", "03.SquareWithMaxSum\03.SquareWithMaxSum.csproj", "{12C63BA5-970D-4EBE-9C08-CBB6B634ED01}"
EndProject
Project("{FAE04EC0-301F-11D3-BF4B-00C04F79EFBC}") = "JaggedArrays", "JaggedArrays\JaggedArrays.csproj", "{9C76C507-94AF-49AE-8DC8-4285AF11FD9B}"
EndProject
Project("{FAE04EC0-301F-11D3-BF4B-00C04F79EFBC}") = "ReadingJaggedArrays", "ReadingJaggedArrays\ReadingJaggedArrays.csproj", "{EB907811-0524-4659-805C-EED9A6F68B7D}"
EndProject
Project("{FAE04EC0-301F-11D3-BF4B-00C04F79EFBC}") = "04.JaggedArrayModification", "04.JaggedArrayModification\04.JaggedArrayModification.csproj", "{8060E7B3-F646-4C97-A02E-1E1064D8AB3D}"
EndProject
Project("{FAE04EC0-301F-11D3-BF4B-00C04F79EFBC}") = "05.PascalTriangle", "05.PascalTriangle\05.PascalTriangle.csproj", "{1BD7E0F8-BCCE-4A39-B41F-A9A25323D1A1}"
EndProject
Project("{FAE04EC0-301F-11D3-BF4B-00C04F79EFBC}") = "TypeInmatrix", "TypeInmatrix\TypeInmatrix.csproj", "{B7FBD1FA-A16A-4944-A217-7E12C8CFBA50}"
EndProject
Global
	GlobalSection(SolutionConfigurationPlatforms) = preSolution
		Debug|Any CPU = Debug|Any CPU
		Release|Any CPU = Release|Any CPU
	EndGlobalSection
	GlobalSection(ProjectConfigurationPlatforms) = postSolution
		{1C44AE6B-62E5-402B-923E-8E6320B48DC0}.Debug|Any CPU.ActiveCfg = Debug|Any CPU
		{1C44AE6B-62E5-402B-923E-8E6320B48DC0}.Debug|Any CPU.Build.0 = Debug|Any CPU
		{1C44AE6B-62E5-402B-923E-8E6320B48DC0}.Release|Any CPU.ActiveCfg = Release|Any CPU
		{1C44AE6B-62E5-402B-923E-8E6320B48DC0}.Release|Any CPU.Build.0 = Release|Any CPU
		{FBDDE42B-6B11-4075-84D4-6BC7E954630F}.Debug|Any CPU.ActiveCfg = Debug|Any CPU
		{FBDDE42B-6B11-4075-84D4-6BC7E954630F}.Debug|Any CPU.Build.0 = Debug|Any CPU
		{FBDDE42B-6B11-4075-84D4-6BC7E954630F}.Release|Any CPU.ActiveCfg = Release|Any CPU
		{FBDDE42B-6B11-4075-84D4-6BC7E954630F}.Release|Any CPU.Build.0 = Release|Any CPU
		{D98585AC-3FCF-4481-A262-9829525CEAA1}.Debug|Any CPU.ActiveCfg = Debug|Any CPU
		{D98585AC-3FCF-4481-A262-9829525CEAA1}.Debug|Any CPU.Build.0 = Debug|Any CPU
		{D98585AC-3FCF-4481-A262-9829525CEAA1}.Release|Any CPU.ActiveCfg = Release|Any CPU
		{D98585AC-3FCF-4481-A262-9829525CEAA1}.Release|Any CPU.Build.0 = Release|Any CPU
		{457AC5AB-8F79-43F6-BA4A-6B1281B4C8A1}.Debug|Any CPU.ActiveCfg = Debug|Any CPU
		{457AC5AB-8F79-43F6-BA4A-6B1281B4C8A1}.Debug|Any CPU.Build.0 = Debug|Any CPU
		{457AC5AB-8F79-43F6-BA4A-6B1281B4C8A1}.Release|Any CPU.ActiveCfg = Release|Any CPU
		{457AC5AB-8F79-43F6-BA4A-6B1281B4C8A1}.Release|Any CPU.Build.0 = Release|Any CPU
		{6149FD7D-F8D9-44B5-A953-08C59E2B0DCE}.Debug|Any CPU.ActiveCfg = Debug|Any CPU
		{6149FD7D-F8D9-44B5-A953-08C59E2B0DCE}.Debug|Any CPU.Build.0 = Debug|Any CPU
		{6149FD7D-F8D9-44B5-A953-08C59E2B0DCE}.Release|Any CPU.ActiveCfg = Release|Any CPU
		{6149FD7D-F8D9-44B5-A953-08C59E2B0DCE}.Release|Any CPU.Build.0 = Release|Any CPU
		{BF1C7A49-3F50-4784-97E3-C1C7681DE424}.Debug|Any CPU.ActiveCfg = Debug|Any CPU
		{BF1C7A49-3F50-4784-97E3-C1C7681DE424}.Debug|Any CPU.Build.0 = Debug|Any CPU
		{BF1C7A49-3F50-4784-97E3-C1C7681DE424}.Release|Any CPU.ActiveCfg = Release|Any CPU
		{BF1C7A49-3F50-4784-97E3-C1C7681DE424}.Release|Any CPU.Build.0 = Release|Any CPU
		{5347A1A2-6E37-4306-8EEB-84784B82FF42}.Debug|Any CPU.ActiveCfg = Debug|Any CPU
		{5347A1A2-6E37-4306-8EEB-84784B82FF42}.Debug|Any CPU.Build.0 = Debug|Any CPU
		{5347A1A2-6E37-4306-8EEB-84784B82FF42}.Release|Any CPU.ActiveCfg = Release|Any CPU
		{5347A1A2-6E37-4306-8EEB-84784B82FF42}.Release|Any CPU.Build.0 = Release|Any CPU
		{68A02955-7AC3-4CAA-8FEB-234DCD6290AD}.Debug|Any CPU.ActiveCfg = Debug|Any CPU
		{68A02955-7AC3-4CAA-8FEB-234DCD6290AD}.Debug|Any CPU.Build.0 = Debug|Any CPU
		{68A02955-7AC3-4CAA-8FEB-234DCD6290AD}.Release|Any CPU.ActiveCfg = Release|Any CPU
		{68A02955-7AC3-4CAA-8FEB-234DCD6290AD}.Release|Any CPU.Build.0 = Release|Any CPU
		{04CC747B-D978-418C-AF10-BE77569A4C36}.Debug|Any CPU.ActiveCfg = Debug|Any CPU
		{04CC747B-D978-418C-AF10-BE77569A4C36}.Debug|Any CPU.Build.0 = Debug|Any CPU
		{04CC747B-D978-418C-AF10-BE77569A4C36}.Release|Any CPU.ActiveCfg = Release|Any CPU
		{04CC747B-D978-418C-AF10-BE77569A4C36}.Release|Any CPU.Build.0 = Release|Any CPU
		{211C24F5-B93C-404C-A4C7-DAE7D894ED77}.Debug|Any CPU.ActiveCfg = Debug|Any CPU
		{211C24F5-B93C-404C-A4C7-DAE7D894ED77}.Debug|Any CPU.Build.0 = Debug|Any CPU
		{211C24F5-B93C-404C-A4C7-DAE7D894ED77}.Release|Any CPU.ActiveCfg = Release|Any CPU
		{211C24F5-B93C-404C-A4C7-DAE7D894ED77}.Release|Any CPU.Build.0 = Release|Any CPU
		{C6FE84BE-8A51-4A65-BA0A-337D4882664D}.Debug|Any CPU.ActiveCfg = Debug|Any CPU
		{C6FE84BE-8A51-4A65-BA0A-337D4882664D}.Debug|Any CPU.Build.0 = Debug|Any CPU
		{C6FE84BE-8A51-4A65-BA0A-337D4882664D}.Release|Any CPU.ActiveCfg = Release|Any CPU
		{C6FE84BE-8A51-4A65-BA0A-337D4882664D}.Release|Any CPU.Build.0 = Release|Any CPU
		{12C63BA5-970D-4EBE-9C08-CBB6B634ED01}.Debug|Any CPU.ActiveCfg = Debug|Any CPU
		{12C63BA5-970D-4EBE-9C08-CBB6B634ED01}.Debug|Any CPU.Build.0 = Debug|Any CPU
		{12C63BA5-970D-4EBE-9C08-CBB6B634ED01}.Release|Any CPU.ActiveCfg = Release|Any CPU
		{12C63BA5-970D-4EBE-9C08-CBB6B634ED01}.Release|Any CPU.Build.0 = Release|Any CPU
		{9C76C507-94AF-49AE-8DC8-4285AF11FD9B}.Debug|Any CPU.ActiveCfg = Debug|Any CPU
		{9C76C507-94AF-49AE-8DC8-4285AF11FD9B}.Debug|Any CPU.Build.0 = Debug|Any CPU
		{9C76C507-94AF-49AE-8DC8-4285AF11FD9B}.Release|Any CPU.ActiveCfg = Release|Any CPU
		{9C76C507-94AF-49AE-8DC8-4285AF11FD9B}.Release|Any CPU.Build.0 = Release|Any CPU
		{EB907811-0524-4659-805C-EED9A6F68B7D}.Debug|Any CPU.ActiveCfg = Debug|Any CPU
		{EB907811-0524-4659-805C-EED9A6F68B7D}.Debug|Any CPU.Build.0 = Debug|Any CPU
		{EB907811-0524-4659-805C-EED9A6F68B7D}.Release|Any CPU.ActiveCfg = Release|Any CPU
		{EB907811-0524-4659-805C-EED9A6F68B7D}.Release|Any CPU.Build.0 = Release|Any CPU
		{8060E7B3-F646-4C97-A02E-1E1064D8AB3D}.Debug|Any CPU.ActiveCfg = Debug|Any CPU
		{8060E7B3-F646-4C97-A02E-1E1064D8AB3D}.Debug|Any CPU.Build.0 = Debug|Any CPU
		{8060E7B3-F646-4C97-A02E-1E1064D8AB3D}.Release|Any CPU.ActiveCfg = Release|Any CPU
		{8060E7B3-F646-4C97-A02E-1E1064D8AB3D}.Release|Any CPU.Build.0 = Release|Any CPU
		{1BD7E0F8-BCCE-4A39-B41F-A9A25323D1A1}.Debug|Any CPU.ActiveCfg = Debug|Any CPU
		{1BD7E0F8-BCCE-4A39-B41F-A9A25323D1A1}.Debug|Any CPU.Build.0 = Debug|Any CPU
		{1BD7E0F8-BCCE-4A39-B41F-A9A25323D1A1}.Release|Any CPU.ActiveCfg = Release|Any CPU
		{1BD7E0F8-BCCE-4A39-B41F-A9A25323D1A1}.Release|Any CPU.Build.0 = Release|Any CPU
		{B7FBD1FA-A16A-4944-A217-7E12C8CFBA50}.Debug|Any CPU.ActiveCfg = Debug|Any CPU
		{B7FBD1FA-A16A-4944-A217-7E12C8CFBA50}.Debug|Any CPU.Build.0 = Debug|Any CPU
		{B7FBD1FA-A16A-4944-A217-7E12C8CFBA50}.Release|Any CPU.ActiveCfg = Release|Any CPU
		{B7FBD1FA-A16A-4944-A217-7E12C8CFBA50}.Release|Any CPU.Build.0 = Release|Any CPU
	EndGlobalSection
	GlobalSection(SolutionProperties) = preSolution
		HideSolutionNode = FALSE
	EndGlobalSection
	GlobalSection(ExtensibilityGlobals) = postSolution
		SolutionGuid = {4D2633C9-EA7D-4BD9-99F3-A90B74B259B1}
	EndGlobalSection
EndGlobal
