
Microsoft Visual Studio Solution File, Format Version 12.00
# Visual Studio Version 16
VisualStudioVersion = 16.0.31727.386
MinimumVisualStudioVersion = 10.0.40219.1
Project("{FAE04EC0-301F-11D3-BF4B-00C04F79EFBC}") = "Gyms", "Gyms\Gyms.csproj", "{838DF7FF-38AF-4C19-811B-E198EC73F7E1}"
EndProject
Project("{FAE04EC0-301F-11D3-BF4B-00C04F79EFBC}") = "Gyms.Tests", "Gyms.Tests\Gyms.Tests.csproj", "{95305376-1AD8-4E54-9B8B-F8ECBDD2D234}"
EndProject
Global
	GlobalSection(SolutionConfigurationPlatforms) = preSolution
		Debug|Any CPU = Debug|Any CPU
		Release|Any CPU = Release|Any CPU
	EndGlobalSection
	GlobalSection(ProjectConfigurationPlatforms) = postSolution
		{838DF7FF-38AF-4C19-811B-E198EC73F7E1}.Debug|Any CPU.ActiveCfg = Debug|Any CPU
		{838DF7FF-38AF-4C19-811B-E198EC73F7E1}.Debug|Any CPU.Build.0 = Debug|Any CPU
		{838DF7FF-38AF-4C19-811B-E198EC73F7E1}.Release|Any CPU.ActiveCfg = Release|Any CPU
		{838DF7FF-38AF-4C19-811B-E198EC73F7E1}.Release|Any CPU.Build.0 = Release|Any CPU
		{95305376-1AD8-4E54-9B8B-F8ECBDD2D234}.Debug|Any CPU.ActiveCfg = Debug|Any CPU
		{95305376-1AD8-4E54-9B8B-F8ECBDD2D234}.Debug|Any CPU.Build.0 = Debug|Any CPU
		{95305376-1AD8-4E54-9B8B-F8ECBDD2D234}.Release|Any CPU.ActiveCfg = Release|Any CPU
		{95305376-1AD8-4E54-9B8B-F8ECBDD2D234}.Release|Any CPU.Build.0 = Release|Any CPU
	EndGlobalSection
	GlobalSection(SolutionProperties) = preSolution
		HideSolutionNode = FALSE
	EndGlobalSection
	GlobalSection(ExtensibilityGlobals) = postSolution
		SolutionGuid = {DCAA9D75-7013-4C6E-A1FF-BF4C395459EB}
	EndGlobalSection
EndGlobal
