
Microsoft Visual Studio Solution File, Format Version 12.00
# Visual Studio Version 17
VisualStudioVersion = 17.3.32929.385
MinimumVisualStudioVersion = 10.0.40219.1
Project("{FAE04EC0-301F-11D3-BF4B-00C04F79EFBC}") = "INStock", "INStock\INStock.csproj", "{2BE4FF0F-0CBA-4E11-BAFB-3B12F1004823}"
EndProject
Project("{FAE04EC0-301F-11D3-BF4B-00C04F79EFBC}") = "INStock.Tests", "INStock.Tests\INStock.Tests.csproj", "{4762E302-C0D1-441B-98D7-C73F48AE6AA3}"
EndProject
Global
	GlobalSection(SolutionConfigurationPlatforms) = preSolution
		Debug|Any CPU = Debug|Any CPU
		Release|Any CPU = Release|Any CPU
	EndGlobalSection
	GlobalSection(ProjectConfigurationPlatforms) = postSolution
		{2BE4FF0F-0CBA-4E11-BAFB-3B12F1004823}.Debug|Any CPU.ActiveCfg = Debug|Any CPU
		{2BE4FF0F-0CBA-4E11-BAFB-3B12F1004823}.Debug|Any CPU.Build.0 = Debug|Any CPU
		{2BE4FF0F-0CBA-4E11-BAFB-3B12F1004823}.Release|Any CPU.ActiveCfg = Release|Any CPU
		{2BE4FF0F-0CBA-4E11-BAFB-3B12F1004823}.Release|Any CPU.Build.0 = Release|Any CPU
		{4762E302-C0D1-441B-98D7-C73F48AE6AA3}.Debug|Any CPU.ActiveCfg = Debug|Any CPU
		{4762E302-C0D1-441B-98D7-C73F48AE6AA3}.Debug|Any CPU.Build.0 = Debug|Any CPU
		{4762E302-C0D1-441B-98D7-C73F48AE6AA3}.Release|Any CPU.ActiveCfg = Release|Any CPU
		{4762E302-C0D1-441B-98D7-C73F48AE6AA3}.Release|Any CPU.Build.0 = Release|Any CPU
	EndGlobalSection
	GlobalSection(SolutionProperties) = preSolution
		HideSolutionNode = FALSE
	EndGlobalSection
	GlobalSection(ExtensibilityGlobals) = postSolution
		SolutionGuid = {AAD5C280-D6A4-406C-A949-E5DF9ACDE2EE}
	EndGlobalSection
EndGlobal
