
Microsoft Visual Studio Solution File, Format Version 12.00
# Visual Studio Version 17
VisualStudioVersion = 17.0.32014.148
MinimumVisualStudioVersion = 10.0.40219.1
Project("{FAE04EC0-301F-11D3-BF4B-00C04F79EFBC}") = "07.LinkedList", "07.LinkedList\07.LinkedList.csproj", "{9CBDD7EA-F988-4530-95E9-DADFF284F1DA}"
EndProject
Project("{FAE04EC0-301F-11D3-BF4B-00C04F79EFBC}") = "SoftUniLinkedList", "SoftUniLinkedList\SoftUniLinkedList.csproj", "{6C2A43EC-DC12-4489-914B-E9F6CE8D5E83}"
EndProject
Global
	GlobalSection(SolutionConfigurationPlatforms) = preSolution
		Debug|Any CPU = Debug|Any CPU
		Release|Any CPU = Release|Any CPU
	EndGlobalSection
	GlobalSection(ProjectConfigurationPlatforms) = postSolution
		{9CBDD7EA-F988-4530-95E9-DADFF284F1DA}.Debug|Any CPU.ActiveCfg = Debug|Any CPU
		{9CBDD7EA-F988-4530-95E9-DADFF284F1DA}.Debug|Any CPU.Build.0 = Debug|Any CPU
		{9CBDD7EA-F988-4530-95E9-DADFF284F1DA}.Release|Any CPU.ActiveCfg = Release|Any CPU
		{9CBDD7EA-F988-4530-95E9-DADFF284F1DA}.Release|Any CPU.Build.0 = Release|Any CPU
		{6C2A43EC-DC12-4489-914B-E9F6CE8D5E83}.Debug|Any CPU.ActiveCfg = Debug|Any CPU
		{6C2A43EC-DC12-4489-914B-E9F6CE8D5E83}.Debug|Any CPU.Build.0 = Debug|Any CPU
		{6C2A43EC-DC12-4489-914B-E9F6CE8D5E83}.Release|Any CPU.ActiveCfg = Release|Any CPU
		{6C2A43EC-DC12-4489-914B-E9F6CE8D5E83}.Release|Any CPU.Build.0 = Release|Any CPU
	EndGlobalSection
	GlobalSection(SolutionProperties) = preSolution
		HideSolutionNode = FALSE
	EndGlobalSection
	GlobalSection(ExtensibilityGlobals) = postSolution
		SolutionGuid = {BB8E42C6-BF49-45AC-8A1F-D090D8669153}
	EndGlobalSection
EndGlobal
