
Microsoft Visual Studio Solution File, Format Version 12.00
# Visual Studio Version 16
VisualStudioVersion = 16.0.30621.155
MinimumVisualStudioVersion = 10.0.40219.1
Project("{FAE04EC0-301F-11D3-BF4B-00C04F79EFBC}") = "ExamPreparation", "ExamPreparation\ExamPreparation.csproj", "{AEC3EA44-D753-4D9C-A644-B3B8B591477E}"
EndProject
Project("{FAE04EC0-301F-11D3-BF4B-00C04F79EFBC}") = "Bees", "Bees\Bees.csproj", "{AF0760E8-C288-4021-B580-67205FBD4F46}"
EndProject
Global
	GlobalSection(SolutionConfigurationPlatforms) = preSolution
		Debug|Any CPU = Debug|Any CPU
		Release|Any CPU = Release|Any CPU
	EndGlobalSection
	GlobalSection(ProjectConfigurationPlatforms) = postSolution
		{AEC3EA44-D753-4D9C-A644-B3B8B591477E}.Debug|Any CPU.ActiveCfg = Debug|Any CPU
		{AEC3EA44-D753-4D9C-A644-B3B8B591477E}.Debug|Any CPU.Build.0 = Debug|Any CPU
		{AEC3EA44-D753-4D9C-A644-B3B8B591477E}.Release|Any CPU.ActiveCfg = Release|Any CPU
		{AEC3EA44-D753-4D9C-A644-B3B8B591477E}.Release|Any CPU.Build.0 = Release|Any CPU
		{AF0760E8-C288-4021-B580-67205FBD4F46}.Debug|Any CPU.ActiveCfg = Debug|Any CPU
		{AF0760E8-C288-4021-B580-67205FBD4F46}.Debug|Any CPU.Build.0 = Debug|Any CPU
		{AF0760E8-C288-4021-B580-67205FBD4F46}.Release|Any CPU.ActiveCfg = Release|Any CPU
		{AF0760E8-C288-4021-B580-67205FBD4F46}.Release|Any CPU.Build.0 = Release|Any CPU
	EndGlobalSection
	GlobalSection(SolutionProperties) = preSolution
		HideSolutionNode = FALSE
	EndGlobalSection
	GlobalSection(ExtensibilityGlobals) = postSolution
		SolutionGuid = {84DDABF9-6CEE-4059-9D92-3D5BA20C1272}
	EndGlobalSection
EndGlobal
