
Microsoft Visual Studio Solution File, Format Version 12.00
# Visual Studio Version 16
VisualStudioVersion = 16.0.30523.141
MinimumVisualStudioVersion = 10.0.40219.1
Project("{FAE04EC0-301F-11D3-BF4B-00C04F79EFBC}") = "GenericsLecture", "GenericsLecture\GenericsLecture.csproj", "{F72FCEE6-3A37-4F35-B318-92E40253B1EF}"
EndProject
Project("{FAE04EC0-301F-11D3-BF4B-00C04F79EFBC}") = "GenericClasses", "GenericClasses\GenericClasses.csproj", "{E35F25AB-B717-4E0E-99DF-F31AC0013F7F}"
EndProject
Project("{FAE04EC0-301F-11D3-BF4B-00C04F79EFBC}") = "GenericsMoreDemos", "GenericsMoreDemos\GenericsMoreDemos.csproj", "{4891FC3E-B8E7-4959-BCCC-14F557518657}"
EndProject
Project("{FAE04EC0-301F-11D3-BF4B-00C04F79EFBC}") = "GenericMethods", "GenericMethods\GenericMethods.csproj", "{8AB7CE1F-4557-4369-8293-3C4D376C31DF}"
EndProject
Project("{FAE04EC0-301F-11D3-BF4B-00C04F79EFBC}") = "BoxOfT", "BoxOfT\BoxOfT.csproj", "{2D5D60A5-347A-4483-B451-3B27FF01369D}"
EndProject
Project("{FAE04EC0-301F-11D3-BF4B-00C04F79EFBC}") = "GenericArrayCreator", "GenericArrayCreator\GenericArrayCreator.csproj", "{0C4014E6-F11E-439F-910E-50317EE2D9FF}"
EndProject
Project("{FAE04EC0-301F-11D3-BF4B-00C04F79EFBC}") = "GenericConstraints", "GenericConstraints\GenericConstraints.csproj", "{9D687B90-4EDF-457A-B788-6045B6114A2C}"
EndProject
Project("{FAE04EC0-301F-11D3-BF4B-00C04F79EFBC}") = "GenericScale", "GenericScale\GenericScale.csproj", "{3C81FD57-4C17-494D-A3C9-D8DEE7C0BA9D}"
EndProject
Project("{FAE04EC0-301F-11D3-BF4B-00C04F79EFBC}") = "DynamicVsObject", "DynamicVsObject\DynamicVsObject.csproj", "{FCCEBAAF-CA06-43AA-9F93-FED0D4448990}"
EndProject
Global
	GlobalSection(SolutionConfigurationPlatforms) = preSolution
		Debug|Any CPU = Debug|Any CPU
		Release|Any CPU = Release|Any CPU
	EndGlobalSection
	GlobalSection(ProjectConfigurationPlatforms) = postSolution
		{F72FCEE6-3A37-4F35-B318-92E40253B1EF}.Debug|Any CPU.ActiveCfg = Debug|Any CPU
		{F72FCEE6-3A37-4F35-B318-92E40253B1EF}.Debug|Any CPU.Build.0 = Debug|Any CPU
		{F72FCEE6-3A37-4F35-B318-92E40253B1EF}.Release|Any CPU.ActiveCfg = Release|Any CPU
		{F72FCEE6-3A37-4F35-B318-92E40253B1EF}.Release|Any CPU.Build.0 = Release|Any CPU
		{E35F25AB-B717-4E0E-99DF-F31AC0013F7F}.Debug|Any CPU.ActiveCfg = Debug|Any CPU
		{E35F25AB-B717-4E0E-99DF-F31AC0013F7F}.Debug|Any CPU.Build.0 = Debug|Any CPU
		{E35F25AB-B717-4E0E-99DF-F31AC0013F7F}.Release|Any CPU.ActiveCfg = Release|Any CPU
		{E35F25AB-B717-4E0E-99DF-F31AC0013F7F}.Release|Any CPU.Build.0 = Release|Any CPU
		{4891FC3E-B8E7-4959-BCCC-14F557518657}.Debug|Any CPU.ActiveCfg = Debug|Any CPU
		{4891FC3E-B8E7-4959-BCCC-14F557518657}.Debug|Any CPU.Build.0 = Debug|Any CPU
		{4891FC3E-B8E7-4959-BCCC-14F557518657}.Release|Any CPU.ActiveCfg = Release|Any CPU
		{4891FC3E-B8E7-4959-BCCC-14F557518657}.Release|Any CPU.Build.0 = Release|Any CPU
		{8AB7CE1F-4557-4369-8293-3C4D376C31DF}.Debug|Any CPU.ActiveCfg = Debug|Any CPU
		{8AB7CE1F-4557-4369-8293-3C4D376C31DF}.Debug|Any CPU.Build.0 = Debug|Any CPU
		{8AB7CE1F-4557-4369-8293-3C4D376C31DF}.Release|Any CPU.ActiveCfg = Release|Any CPU
		{8AB7CE1F-4557-4369-8293-3C4D376C31DF}.Release|Any CPU.Build.0 = Release|Any CPU
		{2D5D60A5-347A-4483-B451-3B27FF01369D}.Debug|Any CPU.ActiveCfg = Debug|Any CPU
		{2D5D60A5-347A-4483-B451-3B27FF01369D}.Debug|Any CPU.Build.0 = Debug|Any CPU
		{2D5D60A5-347A-4483-B451-3B27FF01369D}.Release|Any CPU.ActiveCfg = Release|Any CPU
		{2D5D60A5-347A-4483-B451-3B27FF01369D}.Release|Any CPU.Build.0 = Release|Any CPU
		{0C4014E6-F11E-439F-910E-50317EE2D9FF}.Debug|Any CPU.ActiveCfg = Debug|Any CPU
		{0C4014E6-F11E-439F-910E-50317EE2D9FF}.Debug|Any CPU.Build.0 = Debug|Any CPU
		{0C4014E6-F11E-439F-910E-50317EE2D9FF}.Release|Any CPU.ActiveCfg = Release|Any CPU
		{0C4014E6-F11E-439F-910E-50317EE2D9FF}.Release|Any CPU.Build.0 = Release|Any CPU
		{9D687B90-4EDF-457A-B788-6045B6114A2C}.Debug|Any CPU.ActiveCfg = Debug|Any CPU
		{9D687B90-4EDF-457A-B788-6045B6114A2C}.Debug|Any CPU.Build.0 = Debug|Any CPU
		{9D687B90-4EDF-457A-B788-6045B6114A2C}.Release|Any CPU.ActiveCfg = Release|Any CPU
		{9D687B90-4EDF-457A-B788-6045B6114A2C}.Release|Any CPU.Build.0 = Release|Any CPU
		{3C81FD57-4C17-494D-A3C9-D8DEE7C0BA9D}.Debug|Any CPU.ActiveCfg = Debug|Any CPU
		{3C81FD57-4C17-494D-A3C9-D8DEE7C0BA9D}.Debug|Any CPU.Build.0 = Debug|Any CPU
		{3C81FD57-4C17-494D-A3C9-D8DEE7C0BA9D}.Release|Any CPU.ActiveCfg = Release|Any CPU
		{3C81FD57-4C17-494D-A3C9-D8DEE7C0BA9D}.Release|Any CPU.Build.0 = Release|Any CPU
		{FCCEBAAF-CA06-43AA-9F93-FED0D4448990}.Debug|Any CPU.ActiveCfg = Debug|Any CPU
		{FCCEBAAF-CA06-43AA-9F93-FED0D4448990}.Debug|Any CPU.Build.0 = Debug|Any CPU
		{FCCEBAAF-CA06-43AA-9F93-FED0D4448990}.Release|Any CPU.ActiveCfg = Release|Any CPU
		{FCCEBAAF-CA06-43AA-9F93-FED0D4448990}.Release|Any CPU.Build.0 = Release|Any CPU
	EndGlobalSection
	GlobalSection(SolutionProperties) = preSolution
		HideSolutionNode = FALSE
	EndGlobalSection
	GlobalSection(ExtensibilityGlobals) = postSolution
		SolutionGuid = {D4EC4D0B-89D5-4D67-AFAB-CF804E147AA8}
	EndGlobalSection
EndGlobal
