
Microsoft Visual Studio Solution File, Format Version 12.00
# Visual Studio Version 17
VisualStudioVersion = 17.0.32014.148
MinimumVisualStudioVersion = 10.0.40219.1
Project("{FAE04EC0-301F-11D3-BF4B-00C04F79EFBC}") = "06.DefiningClasses", "06.DefiningClasses\06.DefiningClasses.csproj", "{4674A143-4938-469A-8A23-5F330314CBE7}"
EndProject
Project("{FAE04EC0-301F-11D3-BF4B-00C04F79EFBC}") = "StackAndHeap", "StackAndHeap\StackAndHeap.csproj", "{C5038ECF-DD3C-43AB-9D07-BEDD868747B0}"
EndProject
Project("{FAE04EC0-301F-11D3-BF4B-00C04F79EFBC}") = "FieldsAndProperties", "FieldsAndProperties\FieldsAndProperties.csproj", "{E144E42C-9AFB-44D1-A76A-0F7002AB434A}"
EndProject
Project("{FAE04EC0-301F-11D3-BF4B-00C04F79EFBC}") = "Properties", "Properties\Properties.csproj", "{26388396-0AD2-46E4-9652-F7F4D51775A7}"
EndProject
Project("{FAE04EC0-301F-11D3-BF4B-00C04F79EFBC}") = "PropertiesMore", "PropertiesMore\PropertiesMore.csproj", "{992A543E-96EB-4C7D-80C2-07855E441A59}"
EndProject
Project("{FAE04EC0-301F-11D3-BF4B-00C04F79EFBC}") = "PropertiesShort", "PropertiesShort\PropertiesShort.csproj", "{AC6B9997-984D-4508-92A5-D589CCB04AA6}"
EndProject
Project("{FAE04EC0-301F-11D3-BF4B-00C04F79EFBC}") = "PropertiesMoreExamples", "PropertiesMoreExamples\PropertiesMoreExamples.csproj", "{0F59789B-FFE5-4080-BCEC-AAA8B7535537}"
EndProject
Project("{FAE04EC0-301F-11D3-BF4B-00C04F79EFBC}") = "This", "This\This.csproj", "{8A3A7AF8-ADB8-440F-861C-5698BAA08205}"
EndProject
Project("{FAE04EC0-301F-11D3-BF4B-00C04F79EFBC}") = "CarManufacturer", "CarManufacturer\CarManufacturer.csproj", "{428F653D-5F3B-47C7-9803-C8334479A9FE}"
EndProject
Project("{FAE04EC0-301F-11D3-BF4B-00C04F79EFBC}") = "Constructors", "Constructors\Constructors.csproj", "{51815EF8-926C-4429-B652-148CDCAAC060}"
EndProject
Project("{FAE04EC0-301F-11D3-BF4B-00C04F79EFBC}") = "MultipleConstructors", "MultipleConstructors\MultipleConstructors.csproj", "{ACCE6BCB-4785-48B0-AED2-6107F9BE6FBA}"
EndProject
Project("{FAE04EC0-301F-11D3-BF4B-00C04F79EFBC}") = "ConstructorChaining2", "ConstructorChaining2\ConstructorChaining2.csproj", "{E2E496B3-9E2B-4802-963F-D894F252BBFD}"
EndProject
Project("{FAE04EC0-301F-11D3-BF4B-00C04F79EFBC}") = "Enumerations", "Enumerations\Enumerations.csproj", "{D5CA2BCA-712C-4712-B56B-0B19A873E82E}"
EndProject
Project("{FAE04EC0-301F-11D3-BF4B-00C04F79EFBC}") = "EnumExamples", "EnumExamples\EnumExamples.csproj", "{8EC0BB9F-4513-468D-8285-3A7E0050384F}"
EndProject
Project("{FAE04EC0-301F-11D3-BF4B-00C04F79EFBC}") = "Enums", "Enums\Enums.csproj", "{74F7256C-68E4-40DF-BBBC-274EA9B822ED}"
EndProject
Project("{FAE04EC0-301F-11D3-BF4B-00C04F79EFBC}") = "Static", "Static\Static.csproj", "{8938838F-B666-45AD-8959-3349C7C531F7}"
EndProject
Project("{FAE04EC0-301F-11D3-BF4B-00C04F79EFBC}") = "StaticClass", "StaticClass\StaticClass.csproj", "{699C0770-4C8B-4636-AD8E-0BD818F917A6}"
EndProject
Project("{FAE04EC0-301F-11D3-BF4B-00C04F79EFBC}") = "Namespaces", "Namespaces\Namespaces.csproj", "{7015330A-9CC7-4A8D-B811-A432FAD06C12}"
EndProject
Project("{FAE04EC0-301F-11D3-BF4B-00C04F79EFBC}") = "Collections", "Collections\Collections.csproj", "{B0089B65-176D-4ACB-BF97-12641984FCE9}"
EndProject
Global
	GlobalSection(SolutionConfigurationPlatforms) = preSolution
		Debug|Any CPU = Debug|Any CPU
		Release|Any CPU = Release|Any CPU
	EndGlobalSection
	GlobalSection(ProjectConfigurationPlatforms) = postSolution
		{4674A143-4938-469A-8A23-5F330314CBE7}.Debug|Any CPU.ActiveCfg = Debug|Any CPU
		{4674A143-4938-469A-8A23-5F330314CBE7}.Debug|Any CPU.Build.0 = Debug|Any CPU
		{4674A143-4938-469A-8A23-5F330314CBE7}.Release|Any CPU.ActiveCfg = Release|Any CPU
		{4674A143-4938-469A-8A23-5F330314CBE7}.Release|Any CPU.Build.0 = Release|Any CPU
		{C5038ECF-DD3C-43AB-9D07-BEDD868747B0}.Debug|Any CPU.ActiveCfg = Debug|Any CPU
		{C5038ECF-DD3C-43AB-9D07-BEDD868747B0}.Debug|Any CPU.Build.0 = Debug|Any CPU
		{C5038ECF-DD3C-43AB-9D07-BEDD868747B0}.Release|Any CPU.ActiveCfg = Release|Any CPU
		{C5038ECF-DD3C-43AB-9D07-BEDD868747B0}.Release|Any CPU.Build.0 = Release|Any CPU
		{E144E42C-9AFB-44D1-A76A-0F7002AB434A}.Debug|Any CPU.ActiveCfg = Debug|Any CPU
		{E144E42C-9AFB-44D1-A76A-0F7002AB434A}.Debug|Any CPU.Build.0 = Debug|Any CPU
		{E144E42C-9AFB-44D1-A76A-0F7002AB434A}.Release|Any CPU.ActiveCfg = Release|Any CPU
		{E144E42C-9AFB-44D1-A76A-0F7002AB434A}.Release|Any CPU.Build.0 = Release|Any CPU
		{26388396-0AD2-46E4-9652-F7F4D51775A7}.Debug|Any CPU.ActiveCfg = Debug|Any CPU
		{26388396-0AD2-46E4-9652-F7F4D51775A7}.Debug|Any CPU.Build.0 = Debug|Any CPU
		{26388396-0AD2-46E4-9652-F7F4D51775A7}.Release|Any CPU.ActiveCfg = Release|Any CPU
		{26388396-0AD2-46E4-9652-F7F4D51775A7}.Release|Any CPU.Build.0 = Release|Any CPU
		{992A543E-96EB-4C7D-80C2-07855E441A59}.Debug|Any CPU.ActiveCfg = Debug|Any CPU
		{992A543E-96EB-4C7D-80C2-07855E441A59}.Debug|Any CPU.Build.0 = Debug|Any CPU
		{992A543E-96EB-4C7D-80C2-07855E441A59}.Release|Any CPU.ActiveCfg = Release|Any CPU
		{992A543E-96EB-4C7D-80C2-07855E441A59}.Release|Any CPU.Build.0 = Release|Any CPU
		{AC6B9997-984D-4508-92A5-D589CCB04AA6}.Debug|Any CPU.ActiveCfg = Debug|Any CPU
		{AC6B9997-984D-4508-92A5-D589CCB04AA6}.Debug|Any CPU.Build.0 = Debug|Any CPU
		{AC6B9997-984D-4508-92A5-D589CCB04AA6}.Release|Any CPU.ActiveCfg = Release|Any CPU
		{AC6B9997-984D-4508-92A5-D589CCB04AA6}.Release|Any CPU.Build.0 = Release|Any CPU
		{0F59789B-FFE5-4080-BCEC-AAA8B7535537}.Debug|Any CPU.ActiveCfg = Debug|Any CPU
		{0F59789B-FFE5-4080-BCEC-AAA8B7535537}.Debug|Any CPU.Build.0 = Debug|Any CPU
		{0F59789B-FFE5-4080-BCEC-AAA8B7535537}.Release|Any CPU.ActiveCfg = Release|Any CPU
		{0F59789B-FFE5-4080-BCEC-AAA8B7535537}.Release|Any CPU.Build.0 = Release|Any CPU
		{8A3A7AF8-ADB8-440F-861C-5698BAA08205}.Debug|Any CPU.ActiveCfg = Debug|Any CPU
		{8A3A7AF8-ADB8-440F-861C-5698BAA08205}.Debug|Any CPU.Build.0 = Debug|Any CPU
		{8A3A7AF8-ADB8-440F-861C-5698BAA08205}.Release|Any CPU.ActiveCfg = Release|Any CPU
		{8A3A7AF8-ADB8-440F-861C-5698BAA08205}.Release|Any CPU.Build.0 = Release|Any CPU
		{428F653D-5F3B-47C7-9803-C8334479A9FE}.Debug|Any CPU.ActiveCfg = Debug|Any CPU
		{428F653D-5F3B-47C7-9803-C8334479A9FE}.Debug|Any CPU.Build.0 = Debug|Any CPU
		{428F653D-5F3B-47C7-9803-C8334479A9FE}.Release|Any CPU.ActiveCfg = Release|Any CPU
		{428F653D-5F3B-47C7-9803-C8334479A9FE}.Release|Any CPU.Build.0 = Release|Any CPU
		{51815EF8-926C-4429-B652-148CDCAAC060}.Debug|Any CPU.ActiveCfg = Debug|Any CPU
		{51815EF8-926C-4429-B652-148CDCAAC060}.Debug|Any CPU.Build.0 = Debug|Any CPU
		{51815EF8-926C-4429-B652-148CDCAAC060}.Release|Any CPU.ActiveCfg = Release|Any CPU
		{51815EF8-926C-4429-B652-148CDCAAC060}.Release|Any CPU.Build.0 = Release|Any CPU
		{ACCE6BCB-4785-48B0-AED2-6107F9BE6FBA}.Debug|Any CPU.ActiveCfg = Debug|Any CPU
		{ACCE6BCB-4785-48B0-AED2-6107F9BE6FBA}.Debug|Any CPU.Build.0 = Debug|Any CPU
		{ACCE6BCB-4785-48B0-AED2-6107F9BE6FBA}.Release|Any CPU.ActiveCfg = Release|Any CPU
		{ACCE6BCB-4785-48B0-AED2-6107F9BE6FBA}.Release|Any CPU.Build.0 = Release|Any CPU
		{E2E496B3-9E2B-4802-963F-D894F252BBFD}.Debug|Any CPU.ActiveCfg = Debug|Any CPU
		{E2E496B3-9E2B-4802-963F-D894F252BBFD}.Debug|Any CPU.Build.0 = Debug|Any CPU
		{E2E496B3-9E2B-4802-963F-D894F252BBFD}.Release|Any CPU.ActiveCfg = Release|Any CPU
		{E2E496B3-9E2B-4802-963F-D894F252BBFD}.Release|Any CPU.Build.0 = Release|Any CPU
		{D5CA2BCA-712C-4712-B56B-0B19A873E82E}.Debug|Any CPU.ActiveCfg = Debug|Any CPU
		{D5CA2BCA-712C-4712-B56B-0B19A873E82E}.Debug|Any CPU.Build.0 = Debug|Any CPU
		{D5CA2BCA-712C-4712-B56B-0B19A873E82E}.Release|Any CPU.ActiveCfg = Release|Any CPU
		{D5CA2BCA-712C-4712-B56B-0B19A873E82E}.Release|Any CPU.Build.0 = Release|Any CPU
		{8EC0BB9F-4513-468D-8285-3A7E0050384F}.Debug|Any CPU.ActiveCfg = Debug|Any CPU
		{8EC0BB9F-4513-468D-8285-3A7E0050384F}.Debug|Any CPU.Build.0 = Debug|Any CPU
		{8EC0BB9F-4513-468D-8285-3A7E0050384F}.Release|Any CPU.ActiveCfg = Release|Any CPU
		{8EC0BB9F-4513-468D-8285-3A7E0050384F}.Release|Any CPU.Build.0 = Release|Any CPU
		{74F7256C-68E4-40DF-BBBC-274EA9B822ED}.Debug|Any CPU.ActiveCfg = Debug|Any CPU
		{74F7256C-68E4-40DF-BBBC-274EA9B822ED}.Debug|Any CPU.Build.0 = Debug|Any CPU
		{74F7256C-68E4-40DF-BBBC-274EA9B822ED}.Release|Any CPU.ActiveCfg = Release|Any CPU
		{74F7256C-68E4-40DF-BBBC-274EA9B822ED}.Release|Any CPU.Build.0 = Release|Any CPU
		{8938838F-B666-45AD-8959-3349C7C531F7}.Debug|Any CPU.ActiveCfg = Debug|Any CPU
		{8938838F-B666-45AD-8959-3349C7C531F7}.Debug|Any CPU.Build.0 = Debug|Any CPU
		{8938838F-B666-45AD-8959-3349C7C531F7}.Release|Any CPU.ActiveCfg = Release|Any CPU
		{8938838F-B666-45AD-8959-3349C7C531F7}.Release|Any CPU.Build.0 = Release|Any CPU
		{699C0770-4C8B-4636-AD8E-0BD818F917A6}.Debug|Any CPU.ActiveCfg = Debug|Any CPU
		{699C0770-4C8B-4636-AD8E-0BD818F917A6}.Debug|Any CPU.Build.0 = Debug|Any CPU
		{699C0770-4C8B-4636-AD8E-0BD818F917A6}.Release|Any CPU.ActiveCfg = Release|Any CPU
		{699C0770-4C8B-4636-AD8E-0BD818F917A6}.Release|Any CPU.Build.0 = Release|Any CPU
		{7015330A-9CC7-4A8D-B811-A432FAD06C12}.Debug|Any CPU.ActiveCfg = Debug|Any CPU
		{7015330A-9CC7-4A8D-B811-A432FAD06C12}.Debug|Any CPU.Build.0 = Debug|Any CPU
		{7015330A-9CC7-4A8D-B811-A432FAD06C12}.Release|Any CPU.ActiveCfg = Release|Any CPU
		{7015330A-9CC7-4A8D-B811-A432FAD06C12}.Release|Any CPU.Build.0 = Release|Any CPU
		{B0089B65-176D-4ACB-BF97-12641984FCE9}.Debug|Any CPU.ActiveCfg = Debug|Any CPU
		{B0089B65-176D-4ACB-BF97-12641984FCE9}.Debug|Any CPU.Build.0 = Debug|Any CPU
		{B0089B65-176D-4ACB-BF97-12641984FCE9}.Release|Any CPU.ActiveCfg = Release|Any CPU
		{B0089B65-176D-4ACB-BF97-12641984FCE9}.Release|Any CPU.Build.0 = Release|Any CPU
	EndGlobalSection
	GlobalSection(SolutionProperties) = preSolution
		HideSolutionNode = FALSE
	EndGlobalSection
	GlobalSection(ExtensibilityGlobals) = postSolution
		SolutionGuid = {A4F00CD9-90F3-475D-AAFF-974A1250AC8E}
	EndGlobalSection
EndGlobal
