
Microsoft Visual Studio Solution File, Format Version 12.00
# Visual Studio Version 17
VisualStudioVersion = 17.1.32414.318
MinimumVisualStudioVersion = 10.0.40219.1
Project("{9A19103F-16F7-4668-BE54-9A1E7A4F7556}") = "SoftUniParking", "SoftUniParking.csproj", "{EAAD3DBB-F743-4A68-BAAB-F40EAEB1BB4D}"
EndProject
Global
	GlobalSection(SolutionConfigurationPlatforms) = preSolution
		Debug|Any CPU = Debug|Any CPU
		Release|Any CPU = Release|Any CPU
	EndGlobalSection
	GlobalSection(ProjectConfigurationPlatforms) = postSolution
		{EAAD3DBB-F743-4A68-BAAB-F40EAEB1BB4D}.Debug|Any CPU.ActiveCfg = Debug|Any CPU
		{EAAD3DBB-F743-4A68-BAAB-F40EAEB1BB4D}.Debug|Any CPU.Build.0 = Debug|Any CPU
		{EAAD3DBB-F743-4A68-BAAB-F40EAEB1BB4D}.Release|Any CPU.ActiveCfg = Release|Any CPU
		{EAAD3DBB-F743-4A68-BAAB-F40EAEB1BB4D}.Release|Any CPU.Build.0 = Release|Any CPU
	EndGlobalSection
	GlobalSection(SolutionProperties) = preSolution
		HideSolutionNode = FALSE
	EndGlobalSection
	GlobalSection(ExtensibilityGlobals) = postSolution
		SolutionGuid = {4F174C84-D87D-4F62-A4AD-973361C5799C}
	EndGlobalSection
EndGlobal
