
Microsoft Visual Studio Solution File, Format Version 12.00
# Visual Studio Version 16
VisualStudioVersion = 16.0.30711.63
MinimumVisualStudioVersion = 10.0.40219.1
Project("{9A19103F-16F7-4668-BE54-9A1E7A4F7556}") = "WarCroft", "WarCroft.csproj", "{2D310817-D7D5-4F6B-964D-B25F010DCA34}"
EndProject
Global
	GlobalSection(SolutionConfigurationPlatforms) = preSolution
		Debug|Any CPU = Debug|Any CPU
		Release|Any CPU = Release|Any CPU
	EndGlobalSection
	GlobalSection(ProjectConfigurationPlatforms) = postSolution
		{2D310817-D7D5-4F6B-964D-B25F010DCA34}.Debug|Any CPU.ActiveCfg = Debug|Any CPU
		{2D310817-D7D5-4F6B-964D-B25F010DCA34}.Debug|Any CPU.Build.0 = Debug|Any CPU
		{2D310817-D7D5-4F6B-964D-B25F010DCA34}.Release|Any CPU.ActiveCfg = Release|Any CPU
		{2D310817-D7D5-4F6B-964D-B25F010DCA34}.Release|Any CPU.Build.0 = Release|Any CPU
	EndGlobalSection
	GlobalSection(SolutionProperties) = preSolution
		HideSolutionNode = FALSE
	EndGlobalSection
	GlobalSection(ExtensibilityGlobals) = postSolution
		SolutionGuid = {86CF3DD7-19EC-41A3-AC57-D8241A352CD5}
	EndGlobalSection
EndGlobal
