
Microsoft Visual Studio Solution File, Format Version 12.00
# Visual Studio Version 17
VisualStudioVersion = 17.0.32014.148
MinimumVisualStudioVersion = 10.0.40219.1
Project("{FAE04EC0-301F-11D3-BF4B-00C04F79EFBC}") = "06. ExamPreparation", "06. ExamPreparation\06. ExamPreparation.csproj", "{55084617-D538-4E6E-A2C2-80A8E8B62E07}"
EndProject
Project("{FAE04EC0-301F-11D3-BF4B-00C04F79EFBC}") = "02.ShootForTheWin", "02.ShootForTheWin\02.ShootForTheWin.csproj", "{D93297F5-D4FF-4E82-A6BF-ADB96A0C06C9}"
EndProject
Project("{FAE04EC0-301F-11D3-BF4B-00C04F79EFBC}") = "03.Numbers", "03.Numbers\03.Numbers.csproj", "{7DD5977A-7E3B-4EE4-88A0-0364D6F455D4}"
EndProject
Global
	GlobalSection(SolutionConfigurationPlatforms) = preSolution
		Debug|Any CPU = Debug|Any CPU
		Release|Any CPU = Release|Any CPU
	EndGlobalSection
	GlobalSection(ProjectConfigurationPlatforms) = postSolution
		{55084617-D538-4E6E-A2C2-80A8E8B62E07}.Debug|Any CPU.ActiveCfg = Debug|Any CPU
		{55084617-D538-4E6E-A2C2-80A8E8B62E07}.Debug|Any CPU.Build.0 = Debug|Any CPU
		{55084617-D538-4E6E-A2C2-80A8E8B62E07}.Release|Any CPU.ActiveCfg = Release|Any CPU
		{55084617-D538-4E6E-A2C2-80A8E8B62E07}.Release|Any CPU.Build.0 = Release|Any CPU
		{D93297F5-D4FF-4E82-A6BF-ADB96A0C06C9}.Debug|Any CPU.ActiveCfg = Debug|Any CPU
		{D93297F5-D4FF-4E82-A6BF-ADB96A0C06C9}.Debug|Any CPU.Build.0 = Debug|Any CPU
		{D93297F5-D4FF-4E82-A6BF-ADB96A0C06C9}.Release|Any CPU.ActiveCfg = Release|Any CPU
		{D93297F5-D4FF-4E82-A6BF-ADB96A0C06C9}.Release|Any CPU.Build.0 = Release|Any CPU
		{7DD5977A-7E3B-4EE4-88A0-0364D6F455D4}.Debug|Any CPU.ActiveCfg = Debug|Any CPU
		{7DD5977A-7E3B-4EE4-88A0-0364D6F455D4}.Debug|Any CPU.Build.0 = Debug|Any CPU
		{7DD5977A-7E3B-4EE4-88A0-0364D6F455D4}.Release|Any CPU.ActiveCfg = Release|Any CPU
		{7DD5977A-7E3B-4EE4-88A0-0364D6F455D4}.Release|Any CPU.Build.0 = Release|Any CPU
	EndGlobalSection
	GlobalSection(SolutionProperties) = preSolution
		HideSolutionNode = FALSE
	EndGlobalSection
	GlobalSection(ExtensibilityGlobals) = postSolution
		SolutionGuid = {654032A0-FC39-4B5B-B9FB-CEDDEF8C15B2}
	EndGlobalSection
EndGlobal
